// !$*UTF8*$!
{
	archiveVersion = 1;
	classes = {
	};
	objectVersion = 56;
	objects = {

/* Begin PBXBuildFile section */
		8F777BF7196754C666495A55 /* Pods_SwiftBoostExample.framework in Frameworks */ = {isa = PBXBuildFile; fileRef = 4F646BE6A1BA74BF1BB5D3A3 /* Pods_SwiftBoostExample.framework */; };
		FF8057A529BE2D5500A9F0DC /* SwiftBoostExampleApp.swift in Sources */ = {isa = PBXBuildFile; fileRef = FF8057A429BE2D5500A9F0DC /* SwiftBoostExampleApp.swift */; };
		FF8057A729BE2D5500A9F0DC /* ContentView.swift in Sources */ = {isa = PBXBuildFile; fileRef = FF8057A629BE2D5500A9F0DC /* ContentView.swift */; };
		FF8057A929BE2D5600A9F0DC /* Assets.xcassets in Resources */ = {isa = PBXBuildFile; fileRef = FF8057A829BE2D5600A9F0DC /* Assets.xcassets */; };
		FF8057AC29BE2D5600A9F0DC /* Preview Assets.xcassets in Resources */ = {isa = PBXBuildFile; fileRef = FF8057AB29BE2D5600A9F0DC /* Preview Assets.xcassets */; };
/* End PBXBuildFile section */

/* Begin PBXFileReference section */
		4F646BE6A1BA74BF1BB5D3A3 /* Pods_SwiftBoostExample.framework */ = {isa = PBXFileReference; explicitFileType = wrapper.framework; includeInIndex = 0; path = Pods_SwiftBoostExample.framework; sourceTree = BUILT_PRODUCTS_DIR; };
		52D31E54B1A7BBDAC6341A44 /* Pods-SwiftBoostExample.debug.xcconfig */ = {isa = PBXFileReference; includeInIndex = 1; lastKnownFileType = text.xcconfig; name = "Pods-SwiftBoostExample.debug.xcconfig"; path = "Target Support Files/Pods-SwiftBoostExample/Pods-SwiftBoostExample.debug.xcconfig"; sourceTree = "<group>"; };
		9EEEA2AE41B9D486AF9DA0FA /* Pods-SwiftBoostExample.release.xcconfig */ = {isa = PBXFileReference; includeInIndex = 1; lastKnownFileType = text.xcconfig; name = "Pods-SwiftBoostExample.release.xcconfig"; path = "Target Support Files/Pods-SwiftBoostExample/Pods-SwiftBoostExample.release.xcconfig"; sourceTree = "<group>"; };
		FF8057A129BE2D5500A9F0DC /* SwiftBoostExample.app */ = {isa = PBXFileReference; explicitFileType = wrapper.application; includeInIndex = 0; path = SwiftBoostExample.app; sourceTree = BUILT_PRODUCTS_DIR; };
		FF8057A429BE2D5500A9F0DC /* SwiftBoostExampleApp.swift */ = {isa = PBXFileReference; lastKnownFileType = sourcecode.swift; path = SwiftBoostExampleApp.swift; sourceTree = "<group>"; };
		FF8057A629BE2D5500A9F0DC /* ContentView.swift */ = {isa = PBXFileReference; lastKnownFileType = sourcecode.swift; path = ContentView.swift; sourceTree = "<group>"; };
		FF8057A829BE2D5600A9F0DC /* Assets.xcassets */ = {isa = PBXFileReference; lastKnownFileType = folder.assetcatalog; path = Assets.xcassets; sourceTree = "<group>"; };
		FF8057AB29BE2D5600A9F0DC /* Preview Assets.xcassets */ = {isa = PBXFileReference; lastKnownFileType = folder.assetcatalog; path = "Preview Assets.xcassets"; sourceTree = "<group>"; };
/* End PBXFileReference section */

/* Begin PBXFrameworksBuildPhase section */
		FF80579E29BE2D5500A9F0DC /* Frameworks */ = {
			isa = PBXFrameworksBuildPhase;
			buildActionMask = 2147483647;
			files = (
				8F777BF7196754C666495A55 /* Pods_SwiftBoostExample.framework in Frameworks */,
			);
			runOnlyForDeploymentPostprocessing = 0;
		};
/* End PBXFrameworksBuildPhase section */

/* Begin PBXGroup section */
		5F2C9E431D7F0E42C2F28400 /* Frameworks */ = {
			isa = PBXGroup;
			children = (
				4F646BE6A1BA74BF1BB5D3A3 /* Pods_SwiftBoostExample.framework */,
			);
			name = Frameworks;
			sourceTree = "<group>";
		};
		9719E5107D30D8D37D7CC54A /* Pods */ = {
			isa = PBXGroup;
			children = (
				52D31E54B1A7BBDAC6341A44 /* Pods-SwiftBoostExample.debug.xcconfig */,
				9EEEA2AE41B9D486AF9DA0FA /* Pods-SwiftBoostExample.release.xcconfig */,
			);
			path = Pods;
			sourceTree = "<group>";
		};
		FF80579829BE2D5500A9F0DC = {
			isa = PBXGroup;
			children = (
				FF8057A329BE2D5500A9F0DC /* SwiftBoostExample */,
				FF8057A229BE2D5500A9F0DC /* Products */,
				9719E5107D30D8D37D7CC54A /* Pods */,
				5F2C9E431D7F0E42C2F28400 /* Frameworks */,
			);
			sourceTree = "<group>";
		};
		FF8057A229BE2D5500A9F0DC /* Products */ = {
			isa = PBXGroup;
			children = (
				FF8057A129BE2D5500A9F0DC /* SwiftBoostExample.app */,
			);
			name = Products;
			sourceTree = "<group>";
		};
		FF8057A329BE2D5500A9F0DC /* SwiftBoostExample */ = {
			isa = PBXGroup;
			children = (
				FF8057A429BE2D5500A9F0DC /* SwiftBoostExampleApp.swift */,
				FF8057A629BE2D5500A9F0DC /* ContentView.swift */,
				FF8057A829BE2D5600A9F0DC /* Assets.xcassets */,
				FF8057AA29BE2D5600A9F0DC /* Preview Content */,
			);
			path = SwiftBoostExample;
			sourceTree = "<group>";
		};
		FF8057AA29BE2D5600A9F0DC /* Preview Content */ = {
			isa = PBXGroup;
			children = (
				FF8057AB29BE2D5600A9F0DC /* Preview Assets.xcassets */,
			);
			path = "Preview Content";
			sourceTree = "<group>";
		};
/* End PBXGroup section */

/* Begin PBXNativeTarget section */
		FF8057A029BE2D5500A9F0DC /* SwiftBoostExample */ = {
			isa = PBXNativeTarget;
			buildConfigurationList = FF8057AF29BE2D5600A9F0DC /* Build configuration list for PBXNativeTarget "SwiftBoostExample" */;
			buildPhases = (
				D6ECD8C318FF8C01F7178C88 /* [CP] Check Pods Manifest.lock */,
				FF80579D29BE2D5500A9F0DC /* Sources */,
				FF80579E29BE2D5500A9F0DC /* Frameworks */,
				FF80579F29BE2D5500A9F0DC /* Resources */,
			);
			buildRules = (
			);
			dependencies = (
			);
			name = SwiftBoostExample;
			productName = SwiftBoostExample;
			productReference = FF8057A129BE2D5500A9F0DC /* SwiftBoostExample.app */;
			productType = "com.apple.product-type.application";
		};
/* End PBXNativeTarget section */

/* Begin PBXProject section */
		FF80579929BE2D5500A9F0DC /* Project object */ = {
			isa = PBXProject;
			attributes = {
				BuildIndependentTargetsInParallel = 1;
				LastSwiftUpdateCheck = 1420;
				LastUpgradeCheck = 1420;
				TargetAttributes = {
					FF8057A029BE2D5500A9F0DC = {
						CreatedOnToolsVersion = 14.2;
					};
				};
			};
			buildConfigurationList = FF80579C29BE2D5500A9F0DC /* Build configuration list for PBXProject "SwiftBoostExample" */;
			compatibilityVersion = "Xcode 14.0";
			developmentRegion = en;
			hasScannedForEncodings = 0;
			knownRegions = (
				en,
				Base,
			);
			mainGroup = FF80579829BE2D5500A9F0DC;
			productRefGroup = FF8057A229BE2D5500A9F0DC /* Products */;
			projectDirPath = "";
			projectRoot = "";
			targets = (
				FF8057A029BE2D5500A9F0DC /* SwiftBoostExample */,
			);
		};
/* End PBXProject section */

/* Begin PBXResourcesBuildPhase section */
		FF80579F29BE2D5500A9F0DC /* Resources */ = {
			isa = PBXResourcesBuildPhase;
			buildActionMask = 2147483647;
			files = (
				FF8057AC29BE2D5600A9F0DC /* Preview Assets.xcassets in Resources */,
				FF8057A929BE2D5600A9F0DC /* Assets.xcassets in Resources */,
			);
			runOnlyForDeploymentPostprocessing = 0;
		};
/* End PBXResourcesBuildPhase section */

/* Begin PBXShellScriptBuildPhase section */
		D6ECD8C318FF8C01F7178C88 /* [CP] Check Pods Manifest.lock */ = {
			isa = PBXShellScriptBuildPhase;
			buildActionMask = 2147483647;
			files = (
			);
			inputFileListPaths = (
			);
			inputPaths = (
				"${PODS_PODFILE_DIR_PATH}/Podfile.lock",
				"${PODS_ROOT}/Manifest.lock",
			);
			name = "[CP] Check Pods Manifest.lock";
			outputFileListPaths = (
			);
			outputPaths = (
				"$(DERIVED_FILE_DIR)/Pods-SwiftBoostExample-checkManifestLockResult.txt",
			);
			runOnlyForDeploymentPostprocessing = 0;
			shellPath = /bin/sh;
			shellScript = "diff \"${PODS_PODFILE_DIR_PATH}/Podfile.lock\" \"${PODS_ROOT}/Manifest.lock\" > /dev/null\nif [ $? != 0 ] ; then\n    # print error to STDERR\n    echo \"error: The sandbox is not in sync with the Podfile.lock. Run 'pod install' or update your CocoaPods installation.\" >&2\n    exit 1\nfi\n# This output is used by Xcode 'outputs' to avoid re-running this script phase.\necho \"SUCCESS\" > \"${SCRIPT_OUTPUT_FILE_0}\"\n";
			showEnvVarsInLog = 0;
		};
/* End PBXShellScriptBuildPhase section */

/* Begin PBXSourcesBuildPhase section */
		FF80579D29BE2D5500A9F0DC /* Sources */ = {
			isa = PBXSourcesBuildPhase;
			buildActionMask = 2147483647;
			files = (
				FF8057A729BE2D5500A9F0DC /* ContentView.swift in Sources */,
				FF8057A529BE2D5500A9F0DC /* SwiftBoostExampleApp.swift in Sources */,
			);
			runOnlyForDeploymentPostprocessing = 0;
		};
/* End PBXSourcesBuildPhase section */

/* Begin XCBuildConfiguration section */
		FF8057AD29BE2D5600A9F0DC /* Debug */ = {
			isa = XCBuildConfiguration;
			buildSettings = {
				ALWAYS_SEARCH_USER_PATHS = NO;
				CLANG_ANALYZER_NONNULL = YES;
				CLANG_ANALYZER_NUMBER_OBJECT_CONVERSION = YES_AGGRESSIVE;
				CLANG_CXX_LANGUAGE_STANDARD = "gnu++20";
				CLANG_ENABLE_MODULES = YES;
				CLANG_ENABLE_OBJC_ARC = YES;
				CLANG_ENABLE_OBJC_WEAK = YES;
				CLANG_WARN_BLOCK_CAPTURE_AUTORELEASING = YES;
				CLANG_WARN_BOOL_CONVERSION = YES;
				CLANG_WARN_COMMA = YES;
				CLANG_WARN_CONSTANT_CONVERSION = YES;
				CLANG_WARN_DEPRECATED_OBJC_IMPLEMENTATIONS = YES;
				CLANG_WARN_DIRECT_OBJC_ISA_USAGE = YES_ERROR;
				CLANG_WARN_DOCUMENTATION_COMMENTS = YES;
				CLANG_WARN_EMPTY_BODY = YES;
				CLANG_WARN_ENUM_CONVERSION = YES;
				CLANG_WARN_INFINITE_RECURSION = YES;
				CLANG_WARN_INT_CONVERSION = YES;
				CLANG_WARN_NON_LITERAL_NULL_CONVERSION = YES;
				CLANG_WARN_OBJC_IMPLICIT_RETAIN_SELF = YES;
				CLANG_WARN_OBJC_LITERAL_CONVERSION = YES;
				CLANG_WARN_OBJC_ROOT_CLASS = YES_ERROR;
				CLANG_WARN_QUOTED_INCLUDE_IN_FRAMEWORK_HEADER = YES;
				CLANG_WARN_RANGE_LOOP_ANALYSIS = YES;
				CLANG_WARN_STRICT_PROTOTYPES = YES;
				CLANG_WARN_SUSPICIOUS_MOVE = YES;
				CLANG_WARN_UNGUARDED_AVAILABILITY = YES_AGGRESSIVE;
				CLANG_WARN_UNREACHABLE_CODE = YES;
				CLANG_WARN__DUPLICATE_METHOD_MATCH = YES;
				COPY_PHASE_STRIP = NO;
				DEBUG_INFORMATION_FORMAT = dwarf;
				ENABLE_STRICT_OBJC_MSGSEND = YES;
				ENABLE_TESTABILITY = YES;
				GCC_C_LANGUAGE_STANDARD = gnu11;
				GCC_DYNAMIC_NO_PIC = NO;
				GCC_NO_COMMON_BLOCKS = YES;
				GCC_OPTIMIZATION_LEVEL = 0;
				GCC_PREPROCESSOR_DEFINITIONS = (
					"DEBUG=1",
					"$(inherited)",
				);
				GCC_WARN_64_TO_32_BIT_CONVERSION = YES;
				GCC_WARN_ABOUT_RETURN_TYPE = YES_ERROR;
				GCC_WARN_UNDECLARED_SELECTOR = YES;
				GCC_WARN_UNINITIALIZED_AUTOS = YES_AGGRESSIVE;
				GCC_WARN_UNUSED_FUNCTION = YES;
				GCC_WARN_UNUSED_VARIABLE = YES;
				IPHONEOS_DEPLOYMENT_TARGET = 16.2;
				MTL_ENABLE_DEBUG_INFO = INCLUDE_SOURCE;
				MTL_FAST_MATH = YES;
				ONLY_ACTIVE_ARCH = YES;
				OTHER_SWIFT_FLAGS = "";
				"OTHER_SWIFT_FLAGS[arch=*]" = "-enable-experimental-cxx-interop -I./BoostFramework";
				SDKROOT = iphoneos;
				SWIFT_ACTIVE_COMPILATION_CONDITIONS = DEBUG;
				SWIFT_OPTIMIZATION_LEVEL = "-Onone";
			};
			name = Debug;
		};
		FF8057AE29BE2D5600A9F0DC /* Release */ = {
			isa = XCBuildConfiguration;
			buildSettings = {
				ALWAYS_SEARCH_USER_PATHS = NO;
				CLANG_ANALYZER_NONNULL = YES;
				CLANG_ANALYZER_NUMBER_OBJECT_CONVERSION = YES_AGGRESSIVE;
				CLANG_CXX_LANGUAGE_STANDARD = "gnu++20";
				CLANG_ENABLE_MODULES = YES;
				CLANG_ENABLE_OBJC_ARC = YES;
				CLANG_ENABLE_OBJC_WEAK = YES;
				CLANG_WARN_BLOCK_CAPTURE_AUTORELEASING = YES;
				CLANG_WARN_BOOL_CONVERSION = YES;
				CLANG_WARN_COMMA = YES;
				CLANG_WARN_CONSTANT_CONVERSION = YES;
				CLANG_WARN_DEPRECATED_OBJC_IMPLEMENTATIONS = YES;
				CLANG_WARN_DIRECT_OBJC_ISA_USAGE = YES_ERROR;
				CLANG_WARN_DOCUMENTATION_COMMENTS = YES;
				CLANG_WARN_EMPTY_BODY = YES;
				CLANG_WARN_ENUM_CONVERSION = YES;
				CLANG_WARN_INFINITE_RECURSION = YES;
				CLANG_WARN_INT_CONVERSION = YES;
				CLANG_WARN_NON_LITERAL_NULL_CONVERSION = YES;
				CLANG_WARN_OBJC_IMPLICIT_RETAIN_SELF = YES;
				CLANG_WARN_OBJC_LITERAL_CONVERSION = YES;
				CLANG_WARN_OBJC_ROOT_CLASS = YES_ERROR;
				CLANG_WARN_QUOTED_INCLUDE_IN_FRAMEWORK_HEADER = YES;
				CLANG_WARN_RANGE_LOOP_ANALYSIS = YES;
				CLANG_WARN_STRICT_PROTOTYPES = YES;
				CLANG_WARN_SUSPICIOUS_MOVE = YES;
				CLANG_WARN_UNGUARDED_AVAILABILITY = YES_AGGRESSIVE;
				CLANG_WARN_UNREACHABLE_CODE = YES;
				CLANG_WARN__DUPLICATE_METHOD_MATCH = YES;
				COPY_PHASE_STRIP = NO;
				DEBUG_INFORMATION_FORMAT = "dwarf-with-dsym";
				ENABLE_NS_ASSERTIONS = NO;
				ENABLE_STRICT_OBJC_MSGSEND = YES;
				GCC_C_LANGUAGE_STANDARD = gnu11;
				GCC_NO_COMMON_BLOCKS = YES;
				GCC_WARN_64_TO_32_BIT_CONVERSION = YES;
				GCC_WARN_ABOUT_RETURN_TYPE = YES_ERROR;
				GCC_WARN_UNDECLARED_SELECTOR = YES;
				GCC_WARN_UNINITIALIZED_AUTOS = YES_AGGRESSIVE;
				GCC_WARN_UNUSED_FUNCTION = YES;
				GCC_WARN_UNUSED_VARIABLE = YES;
				IPHONEOS_DEPLOYMENT_TARGET = 16.2;
				MTL_ENABLE_DEBUG_INFO = NO;
				MTL_FAST_MATH = YES;
				"OTHER_SWIFT_FLAGS[arch=*]" = "-enable-experimental-cxx-interop -I./BoostFramework";
				SDKROOT = iphoneos;
				SWIFT_COMPILATION_MODE = wholemodule;
				SWIFT_OPTIMIZATION_LEVEL = "-O";
				VALIDATE_PRODUCT = YES;
			};
			name = Release;
		};
		FF8057B029BE2D5600A9F0DC /* Debug */ = {
			isa = XCBuildConfiguration;
			baseConfigurationReference = 52D31E54B1A7BBDAC6341A44 /* Pods-SwiftBoostExample.debug.xcconfig */;
			buildSettings = {
				ASSETCATALOG_COMPILER_APPICON_NAME = AppIcon;
				ASSETCATALOG_COMPILER_GLOBAL_ACCENT_COLOR_NAME = AccentColor;
				CODE_SIGN_IDENTITY = "Apple Development";
				CODE_SIGN_STYLE = Automatic;
				CURRENT_PROJECT_VERSION = 1;
				DEVELOPMENT_ASSET_PATHS = "\"SwiftBoostExample/Preview Content\"";
				DEVELOPMENT_TEAM = F29U3VL727;
				ENABLE_PREVIEWS = YES;
				GENERATE_INFOPLIST_FILE = YES;
				INFOPLIST_KEY_UIApplicationSceneManifest_Generation = YES;
				INFOPLIST_KEY_UIApplicationSupportsIndirectInputEvents = YES;
				INFOPLIST_KEY_UILaunchScreen_Generation = YES;
				INFOPLIST_KEY_UISupportedInterfaceOrientations_iPad = "UIInterfaceOrientationPortrait UIInterfaceOrientationPortraitUpsideDown UIInterfaceOrientationLandscapeLeft UIInterfaceOrientationLandscapeRight";
				INFOPLIST_KEY_UISupportedInterfaceOrientations_iPhone = "UIInterfaceOrientationPortrait UIInterfaceOrientationLandscapeLeft UIInterfaceOrientationLandscapeRight";
				LD_RUNPATH_SEARCH_PATHS = (
					"$(inherited)",
					"@executable_path/Frameworks",
				);
				MARKETING_VERSION = 1.0;
				PRODUCT_BUNDLE_IDENTIFIER = com.ecomatics.SwiftBoostExample;
				PRODUCT_NAME = "$(TARGET_NAME)";
				PROVISIONING_PROFILE_SPECIFIER = "";
				SWIFT_EMIT_LOC_STRINGS = YES;
				SWIFT_VERSION = 5.0;
				TARGETED_DEVICE_FAMILY = "1,2";
			};
			name = Debug;
		};
		FF8057B129BE2D5600A9F0DC /* Release */ = {
			isa = XCBuildConfiguration;
			baseConfigurationReference = 9EEEA2AE41B9D486AF9DA0FA /* Pods-SwiftBoostExample.release.xcconfig */;
			buildSettings = {
				ASSETCATALOG_COMPILER_APPICON_NAME = AppIcon;
				ASSETCATALOG_COMPILER_GLOBAL_ACCENT_COLOR_NAME = AccentColor;
				CODE_SIGN_IDENTITY = "Apple Development";
				CODE_SIGN_STYLE = Automatic;
				CURRENT_PROJECT_VERSION = 1;
				DEVELOPMENT_ASSET_PATHS = "\"SwiftBoostExample/Preview Content\"";
				DEVELOPMENT_TEAM = F29U3VL727;
				ENABLE_PREVIEWS = YES;
				GENERATE_INFOPLIST_FILE = YES;
				INFOPLIST_KEY_UIApplicationSceneManifest_Generation = YES;
				INFOPLIST_KEY_UIApplicationSupportsIndirectInputEvents = YES;
				INFOPLIST_KEY_UILaunchScreen_Generation = YES;
				INFOPLIST_KEY_UISupportedInterfaceOrientations_iPad = "UIInterfaceOrientationPortrait UIInterfaceOrientationPortraitUpsideDown UIInterfaceOrientationLandscapeLeft UIInterfaceOrientationLandscapeRight";
				INFOPLIST_KEY_UISupportedInterfaceOrientations_iPhone = "UIInterfaceOrientationPortrait UIInterfaceOrientationLandscapeLeft UIInterfaceOrientationLandscapeRight";
				LD_RUNPATH_SEARCH_PATHS = (
					"$(inherited)",
					"@executable_path/Frameworks",
				);
				MARKETING_VERSION = 1.0;
				PRODUCT_BUNDLE_IDENTIFIER = com.ecomatics.SwiftBoostExample;
				PRODUCT_NAME = "$(TARGET_NAME)";
				PROVISIONING_PROFILE_SPECIFIER = "";
				SWIFT_EMIT_LOC_STRINGS = YES;
				SWIFT_VERSION = 5.0;
				TARGETED_DEVICE_FAMILY = "1,2";
			};
			name = Release;
		};
/* End XCBuildConfiguration section */

/* Begin XCConfigurationList section */
		FF80579C29BE2D5500A9F0DC /* Build configuration list for PBXProject "SwiftBoostExample" */ = {
			isa = XCConfigurationList;
			buildConfigurations = (
				FF8057AD29BE2D5600A9F0DC /* Debug */,
				FF8057AE29BE2D5600A9F0DC /* Release */,
			);
			defaultConfigurationIsVisible = 0;
			defaultConfigurationName = Release;
		};
		FF8057AF29BE2D5600A9F0DC /* Build configuration list for PBXNativeTarget "SwiftBoostExample" */ = {
			isa = XCConfigurationList;
			buildConfigurations = (
				FF8057B029BE2D5600A9F0DC /* Debug */,
				FF8057B129BE2D5600A9F0DC /* Release */,
			);
			defaultConfigurationIsVisible = 0;
			defaultConfigurationName = Release;
		};
/* End XCConfigurationList section */
	};
	rootObject = FF80579929BE2D5500A9F0DC /* Project object */;
}
